
Microsoft Visual Studio Solution File, Format Version 12.00
# Visual Studio Version 17
VisualStudioVersion = 17.5.33530.505
MinimumVisualStudioVersion = 10.0.40219.1
Project("{FAE04EC0-301F-11D3-BF4B-00C04F79EFBC}") = "DriversDevOps", "DriversDevOps.csproj", "{F70468E4-5302-433F-AA75-19081E07A7A6}"
EndProject
Global
	GlobalSection(SolutionConfigurationPlatforms) = preSolution
		Debug|Any CPU = Debug|Any CPU
		Release|Any CPU = Release|Any CPU
	EndGlobalSection
	GlobalSection(ProjectConfigurationPlatforms) = postSolution
		{F70468E4-5302-433F-AA75-19081E07A7A6}.Debug|Any CPU.ActiveCfg = Debug|Any CPU
		{F70468E4-5302-433F-AA75-19081E07A7A6}.Debug|Any CPU.Build.0 = Debug|Any CPU
		{F70468E4-5302-433F-AA75-19081E07A7A6}.Release|Any CPU.ActiveCfg = Release|Any CPU
		{F70468E4-5302-433F-AA75-19081E07A7A6}.Release|Any CPU.Build.0 = Release|Any CPU
	EndGlobalSection
	GlobalSection(SolutionProperties) = preSolution
		HideSolutionNode = FALSE
	EndGlobalSection
	GlobalSection(ExtensibilityGlobals) = postSolution
		SolutionGuid = {CBD39E51-D6E9-486F-92DA-E3E04F82BAE7}
	EndGlobalSection
EndGlobal
